
Microsoft Visual Studio Solution File, Format Version 12.00
# Visual Studio Version 16
VisualStudioVersion = 16.0.29306.81
MinimumVisualStudioVersion = 10.0.40219.1
Project("{FAE04EC0-301F-11D3-BF4B-00C04F79EFBC}") = "Conways Game Of Life", "Conways Game Of Life\Conways Game Of Life.csproj", "{828E2903-CBDD-4D43-AAA2-E1AAEA7BF6BB}"
EndProject
Project("{FAE04EC0-301F-11D3-BF4B-00C04F79EFBC}") = "ConwaysGameOfLifeLibrary", "ConwaysGameOfLifeLibrary\ConwaysGameOfLifeLibrary.csproj", "{C3ECA4F9-A376-42FD-A7B4-F1C738069049}"
EndProject
Project("{FAE04EC0-301F-11D3-BF4B-00C04F79EFBC}") = "ConwaysGameOfLife.Library.Tests", "ConwaysGameOfLife.Library.Tests\ConwaysGameOfLife.Library.Tests.csproj", "{1C1EA32E-6210-4332-910C-0894D5E82DD9}"
EndProject
Global
	GlobalSection(SolutionConfigurationPlatforms) = preSolution
		Debug|Any CPU = Debug|Any CPU
		Release|Any CPU = Release|Any CPU
	EndGlobalSection
	GlobalSection(ProjectConfigurationPlatforms) = postSolution
		{828E2903-CBDD-4D43-AAA2-E1AAEA7BF6BB}.Debug|Any CPU.ActiveCfg = Debug|Any CPU
		{828E2903-CBDD-4D43-AAA2-E1AAEA7BF6BB}.Debug|Any CPU.Build.0 = Debug|Any CPU
		{828E2903-CBDD-4D43-AAA2-E1AAEA7BF6BB}.Release|Any CPU.ActiveCfg = Release|Any CPU
		{828E2903-CBDD-4D43-AAA2-E1AAEA7BF6BB}.Release|Any CPU.Build.0 = Release|Any CPU
		{C3ECA4F9-A376-42FD-A7B4-F1C738069049}.Debug|Any CPU.ActiveCfg = Debug|Any CPU
		{C3ECA4F9-A376-42FD-A7B4-F1C738069049}.Debug|Any CPU.Build.0 = Debug|Any CPU
		{C3ECA4F9-A376-42FD-A7B4-F1C738069049}.Release|Any CPU.ActiveCfg = Release|Any CPU
		{C3ECA4F9-A376-42FD-A7B4-F1C738069049}.Release|Any CPU.Build.0 = Release|Any CPU
		{1C1EA32E-6210-4332-910C-0894D5E82DD9}.Debug|Any CPU.ActiveCfg = Debug|Any CPU
		{1C1EA32E-6210-4332-910C-0894D5E82DD9}.Debug|Any CPU.Build.0 = Debug|Any CPU
		{1C1EA32E-6210-4332-910C-0894D5E82DD9}.Release|Any CPU.ActiveCfg = Release|Any CPU
		{1C1EA32E-6210-4332-910C-0894D5E82DD9}.Release|Any CPU.Build.0 = Release|Any CPU
	EndGlobalSection
	GlobalSection(SolutionProperties) = preSolution
		HideSolutionNode = FALSE
	EndGlobalSection
	GlobalSection(ExtensibilityGlobals) = postSolution
		SolutionGuid = {F0115145-85FA-4AE9-B655-6C0A9BE936DB}
	EndGlobalSection
EndGlobal
